
Microsoft Visual Studio Solution File, Format Version 12.00
# Visual Studio 2012
Project("{FAE04EC0-301F-11D3-BF4B-00C04F79EFBC}") = "VariablesDataExpressionsAndConstants", "VariablesDataExpressionsAndConstants\VariablesDataExpressionsAndConstants.csproj", "{D346C60B-AF4D-42CD-B3BB-448F292B85A9}"
EndProject
Global
	GlobalSection(SolutionConfigurationPlatforms) = preSolution
		Debug|Any CPU = Debug|Any CPU
		Release|Any CPU = Release|Any CPU
	EndGlobalSection
	GlobalSection(ProjectConfigurationPlatforms) = postSolution
		{D346C60B-AF4D-42CD-B3BB-448F292B85A9}.Debug|Any CPU.ActiveCfg = Debug|Any CPU
		{D346C60B-AF4D-42CD-B3BB-448F292B85A9}.Debug|Any CPU.Build.0 = Debug|Any CPU
		{D346C60B-AF4D-42CD-B3BB-448F292B85A9}.Release|Any CPU.ActiveCfg = Release|Any CPU
		{D346C60B-AF4D-42CD-B3BB-448F292B85A9}.Release|Any CPU.Build.0 = Release|Any CPU
	EndGlobalSection
	GlobalSection(SolutionProperties) = preSolution
		HideSolutionNode = FALSE
	EndGlobalSection
EndGlobal
