
Microsoft Visual Studio Solution File, Format Version 12.00
# Visual Studio 2012
Project("{FAE04EC0-301F-11D3-BF4B-00C04F79EFBC}") = "School", "School\School.csproj", "{894F2107-44CB-4BB2-808C-12C254C8639E}"
EndProject
Project("{FAE04EC0-301F-11D3-BF4B-00C04F79EFBC}") = "TestSchool", "TestSchool\TestSchool.csproj", "{8DC39ED7-186A-4727-8213-81010DC540C1}"
EndProject
Global
	GlobalSection(SolutionConfigurationPlatforms) = preSolution
		Debug|Any CPU = Debug|Any CPU
		Release|Any CPU = Release|Any CPU
	EndGlobalSection
	GlobalSection(ProjectConfigurationPlatforms) = postSolution
		{894F2107-44CB-4BB2-808C-12C254C8639E}.Debug|Any CPU.ActiveCfg = Debug|Any CPU
		{894F2107-44CB-4BB2-808C-12C254C8639E}.Debug|Any CPU.Build.0 = Debug|Any CPU
		{894F2107-44CB-4BB2-808C-12C254C8639E}.Release|Any CPU.ActiveCfg = Release|Any CPU
		{894F2107-44CB-4BB2-808C-12C254C8639E}.Release|Any CPU.Build.0 = Release|Any CPU
		{8DC39ED7-186A-4727-8213-81010DC540C1}.Debug|Any CPU.ActiveCfg = Debug|Any CPU
		{8DC39ED7-186A-4727-8213-81010DC540C1}.Debug|Any CPU.Build.0 = Debug|Any CPU
		{8DC39ED7-186A-4727-8213-81010DC540C1}.Release|Any CPU.ActiveCfg = Release|Any CPU
		{8DC39ED7-186A-4727-8213-81010DC540C1}.Release|Any CPU.Build.0 = Release|Any CPU
	EndGlobalSection
	GlobalSection(SolutionProperties) = preSolution
		HideSolutionNode = FALSE
	EndGlobalSection
EndGlobal
